
Microsoft Visual Studio Solution File, Format Version 12.00
# Visual Studio 15
VisualStudioVersion = 15.0.27004.2008
MinimumVisualStudioVersion = 10.0.40219.1
Project("{2150E333-8FDC-42A3-9474-1A3956D46DE8}") = ".NET Framework", ".NET Framework", "{CD6885BE-1D80-4714-845D-05473DB25CD8}"
EndProject
Project("{FAE04EC0-301F-11D3-BF4B-00C04F79EFBC}") = "Tours.NET.WinForms", "Tours.NET.WinForms\Tours.NET.WinForms.csproj", "{BF1DB501-61E0-453A-9270-834F180734BB}"
EndProject
Project("{2150E333-8FDC-42A3-9474-1A3956D46DE8}") = ".NET Standard", ".NET Standard", "{56134ABB-F562-4416-B727-29F345003FF3}"
EndProject
Project("{9A19103F-16F7-4668-BE54-9A1E7A4F7556}") = "Tours.Standard.Biz", "Tours.Standard.Biz\Tours.Standard.Biz.csproj", "{10C7B713-02BD-43C4-B3D8-392BFB8A2686}"
EndProject
Project("{9A19103F-16F7-4668-BE54-9A1E7A4F7556}") = "Tours.Standard.DAL", "Tours.Standard.DAL\Tours.Standard.DAL.csproj", "{DDF62BF3-4C65-417F-A33C-9CBCF40A73AB}"
EndProject
Project("{2150E333-8FDC-42A3-9474-1A3956D46DE8}") = ".CreateUWPProject", ".CreateUWPProject", "{0E6A7578-5434-4DDD-A7FE-BFCDAEE41F49}"
EndProject
Project("{2150E333-8FDC-42A3-9474-1A3956D46DE8}") = "UWP", "UWP", "{3472447F-23A6-4A3C-A17E-3C40107CC610}"
EndProject
Global
	GlobalSection(SolutionConfigurationPlatforms) = preSolution
		Debug|Any CPU = Debug|Any CPU
		Release|Any CPU = Release|Any CPU
	EndGlobalSection
	GlobalSection(ProjectConfigurationPlatforms) = postSolution
		{BF1DB501-61E0-453A-9270-834F180734BB}.Debug|Any CPU.ActiveCfg = Debug|Any CPU
		{BF1DB501-61E0-453A-9270-834F180734BB}.Debug|Any CPU.Build.0 = Debug|Any CPU
		{BF1DB501-61E0-453A-9270-834F180734BB}.Release|Any CPU.ActiveCfg = Release|Any CPU
		{BF1DB501-61E0-453A-9270-834F180734BB}.Release|Any CPU.Build.0 = Release|Any CPU
		{10C7B713-02BD-43C4-B3D8-392BFB8A2686}.Debug|Any CPU.ActiveCfg = Debug|Any CPU
		{10C7B713-02BD-43C4-B3D8-392BFB8A2686}.Debug|Any CPU.Build.0 = Debug|Any CPU
		{10C7B713-02BD-43C4-B3D8-392BFB8A2686}.Release|Any CPU.ActiveCfg = Release|Any CPU
		{10C7B713-02BD-43C4-B3D8-392BFB8A2686}.Release|Any CPU.Build.0 = Release|Any CPU
		{DDF62BF3-4C65-417F-A33C-9CBCF40A73AB}.Debug|Any CPU.ActiveCfg = Debug|Any CPU
		{DDF62BF3-4C65-417F-A33C-9CBCF40A73AB}.Debug|Any CPU.Build.0 = Debug|Any CPU
		{DDF62BF3-4C65-417F-A33C-9CBCF40A73AB}.Release|Any CPU.ActiveCfg = Release|Any CPU
		{DDF62BF3-4C65-417F-A33C-9CBCF40A73AB}.Release|Any CPU.Build.0 = Release|Any CPU
	EndGlobalSection
	GlobalSection(SolutionProperties) = preSolution
		HideSolutionNode = FALSE
	EndGlobalSection
	GlobalSection(NestedProjects) = preSolution
		{BF1DB501-61E0-453A-9270-834F180734BB} = {CD6885BE-1D80-4714-845D-05473DB25CD8}
		{10C7B713-02BD-43C4-B3D8-392BFB8A2686} = {56134ABB-F562-4416-B727-29F345003FF3}
		{DDF62BF3-4C65-417F-A33C-9CBCF40A73AB} = {56134ABB-F562-4416-B727-29F345003FF3}
	EndGlobalSection
	GlobalSection(ExtensibilityGlobals) = postSolution
		SolutionGuid = {807B781B-3F86-4025-8189-12BC99D26D85}
	EndGlobalSection
EndGlobal
